
Microsoft Visual Studio Solution File, Format Version 12.00
# Visual Studio Version 17
VisualStudioVersion = 17.3.32811.315
MinimumVisualStudioVersion = 10.0.40219.1
Project("{FAE04EC0-301F-11D3-BF4B-00C04F79EFBC}") = "BankTransactions", "BankTransactions\BankTransactions.csproj", "{67E43B13-E1D5-44B6-B932-1F14414E2560}"
EndProject
Project("{2150E333-8FDC-42A3-9474-1A3956D46DE8}") = "Solution Items", "Solution Items", "{B35EF42A-AEE7-480A-8AA2-3C81B18CD7FC}"
	ProjectSection(SolutionItems) = preProject
		.editorconfig = .editorconfig
	EndProjectSection
EndProject
Global
	GlobalSection(SolutionConfigurationPlatforms) = preSolution
		Debug|Any CPU = Debug|Any CPU
		Release|Any CPU = Release|Any CPU
	EndGlobalSection
	GlobalSection(ProjectConfigurationPlatforms) = postSolution
		{67E43B13-E1D5-44B6-B932-1F14414E2560}.Debug|Any CPU.ActiveCfg = Debug|Any CPU
		{67E43B13-E1D5-44B6-B932-1F14414E2560}.Debug|Any CPU.Build.0 = Debug|Any CPU
		{67E43B13-E1D5-44B6-B932-1F14414E2560}.Release|Any CPU.ActiveCfg = Release|Any CPU
		{67E43B13-E1D5-44B6-B932-1F14414E2560}.Release|Any CPU.Build.0 = Release|Any CPU
	EndGlobalSection
	GlobalSection(SolutionProperties) = preSolution
		HideSolutionNode = FALSE
	EndGlobalSection
	GlobalSection(ExtensibilityGlobals) = postSolution
		SolutionGuid = {2107C1E6-4E83-40CE-ACB7-61A11D72AC98}
	EndGlobalSection
EndGlobal
